// !$*UTF8*$!
{
	archiveVersion = 1;
	classes = {
	};
	objectVersion = 55;
	objects = {

/* Begin PBXBuildFile section */
		303B285328D594720046C51D /* PostDetailViewModel.swift in Sources */ = {isa = PBXBuildFile; fileRef = 303B285228D594720046C51D /* PostDetailViewModel.swift */; };
		303B285F28D59E270046C51D /* PostDetailViewController.swift in Sources */ = {isa = PBXBuildFile; fileRef = 303B285E28D59E270046C51D /* PostDetailViewController.swift */; };
		303B286128D59F5D0046C51D /* PostDetailCoordinator.swift in Sources */ = {isa = PBXBuildFile; fileRef = 303B286028D59F5D0046C51D /* PostDetailCoordinator.swift */; };
		303B286328D6199E0046C51D /* PostDetailView.swift in Sources */ = {isa = PBXBuildFile; fileRef = 303B286228D6199E0046C51D /* PostDetailView.swift */; };
		303B286528D61A380046C51D /* PostDetailDescriptionView.swift in Sources */ = {isa = PBXBuildFile; fileRef = 303B286428D61A380046C51D /* PostDetailDescriptionView.swift */; };
		303B286728D61B800046C51D /* ViewCodeProtocol.swift in Sources */ = {isa = PBXBuildFile; fileRef = 303B286628D61B800046C51D /* ViewCodeProtocol.swift */; };
		303B286928D61BB40046C51D /* UIStackView+Spacing.swift in Sources */ = {isa = PBXBuildFile; fileRef = 303B286828D61BB40046C51D /* UIStackView+Spacing.swift */; };
		305E30C528D8B6B400CEAC7A /* TestPostListViewModel.swift in Sources */ = {isa = PBXBuildFile; fileRef = 305E30C428D8B6B400CEAC7A /* TestPostListViewModel.swift */; };
		305E30D028D8B7E200CEAC7A /* APIManagerMock.swift in Sources */ = {isa = PBXBuildFile; fileRef = 305E30CF28D8B7E200CEAC7A /* APIManagerMock.swift */; };
		305E30D228D8B8A300CEAC7A /* XCTestCase+AwaitPublisher.swift in Sources */ = {isa = PBXBuildFile; fileRef = 305E30D128D8B8A300CEAC7A /* XCTestCase+AwaitPublisher.swift */; };
		305E30D428D8BBA800CEAC7A /* posts.json in Resources */ = {isa = PBXBuildFile; fileRef = 305E30CE28D8B72000CEAC7A /* posts.json */; };
		305E30DC28D8BC0F00CEAC7A /* PostListTest.swift in Sources */ = {isa = PBXBuildFile; fileRef = 305E30DB28D8BC0F00CEAC7A /* PostListTest.swift */; };
		305E30DE28D8BC0F00CEAC7A /* ZemogaTestUITestsLaunchTests.swift in Sources */ = {isa = PBXBuildFile; fileRef = 305E30DD28D8BC0F00CEAC7A /* ZemogaTestUITestsLaunchTests.swift */; };
		30A9672928CCE908006EA4D1 /* AppDelegate.swift in Sources */ = {isa = PBXBuildFile; fileRef = 30A9672828CCE908006EA4D1 /* AppDelegate.swift */; };
		30A9673228CCE90A006EA4D1 /* Assets.xcassets in Resources */ = {isa = PBXBuildFile; fileRef = 30A9673128CCE90A006EA4D1 /* Assets.xcassets */; };
		30A9673528CCE90A006EA4D1 /* LaunchScreen.storyboard in Resources */ = {isa = PBXBuildFile; fileRef = 30A9673328CCE90A006EA4D1 /* LaunchScreen.storyboard */; };
		30A9674028CCEB4A006EA4D1 /* Coordinator.swift in Sources */ = {isa = PBXBuildFile; fileRef = 30A9673F28CCEB4A006EA4D1 /* Coordinator.swift */; };
		30A9674228CCEBE0006EA4D1 /* TransitionDelegate.swift in Sources */ = {isa = PBXBuildFile; fileRef = 30A9674128CCEBE0006EA4D1 /* TransitionDelegate.swift */; };
		30A9674428CCEBF2006EA4D1 /* AppRouter.swift in Sources */ = {isa = PBXBuildFile; fileRef = 30A9674328CCEBF2006EA4D1 /* AppRouter.swift */; };
		30A9674A28CCED82006EA4D1 /* PostListCoordinator.swift in Sources */ = {isa = PBXBuildFile; fileRef = 30A9674928CCED82006EA4D1 /* PostListCoordinator.swift */; };
		30A9674C28CCEE19006EA4D1 /* PostListViewController.swift in Sources */ = {isa = PBXBuildFile; fileRef = 30A9674B28CCEE19006EA4D1 /* PostListViewController.swift */; };
		30A9674E28CCEE72006EA4D1 /* PostListViewModel.swift in Sources */ = {isa = PBXBuildFile; fileRef = 30A9674D28CCEE72006EA4D1 /* PostListViewModel.swift */; };
		30A9675028CCF126006EA4D1 /* Post.swift in Sources */ = {isa = PBXBuildFile; fileRef = 30A9674F28CCF126006EA4D1 /* Post.swift */; };
		30A9675528CCF1C6006EA4D1 /* Failure.swift in Sources */ = {isa = PBXBuildFile; fileRef = 30A9675428CCF1C6006EA4D1 /* Failure.swift */; };
		30A9675728CCF1F6006EA4D1 /* APIManager.swift in Sources */ = {isa = PBXBuildFile; fileRef = 30A9675628CCF1F6006EA4D1 /* APIManager.swift */; };
		30A9675A28CCF5E6006EA4D1 /* UIAlertController+Builder.swift in Sources */ = {isa = PBXBuildFile; fileRef = 30A9675928CCF5E6006EA4D1 /* UIAlertController+Builder.swift */; };
		C83FD6BB28EEA5DA0063A405 /* User.swift in Sources */ = {isa = PBXBuildFile; fileRef = C83FD6BA28EEA5DA0063A405 /* User.swift */; };
		C83FD6BD28EEA65B0063A405 /* Company.swift in Sources */ = {isa = PBXBuildFile; fileRef = C83FD6BC28EEA65B0063A405 /* Company.swift */; };
		C83FD6BF28EEA6DC0063A405 /* Address.swift in Sources */ = {isa = PBXBuildFile; fileRef = C83FD6BE28EEA6DC0063A405 /* Address.swift */; };
		C83FD6C128EEA70B0063A405 /* Geo.swift in Sources */ = {isa = PBXBuildFile; fileRef = C83FD6C028EEA70B0063A405 /* Geo.swift */; };
		C83FD6C328EEA7680063A405 /* Comment.swift in Sources */ = {isa = PBXBuildFile; fileRef = C83FD6C228EEA7680063A405 /* Comment.swift */; };
/* End PBXBuildFile section */

/* Begin PBXContainerItemProxy section */
		305E30C628D8B6B400CEAC7A /* PBXContainerItemProxy */ = {
			isa = PBXContainerItemProxy;
			containerPortal = 30A9671D28CCE908006EA4D1 /* Project object */;
			proxyType = 1;
			remoteGlobalIDString = 30A9672428CCE908006EA4D1;
			remoteInfo = ZemogaTest;
		};
		305E30DF28D8BC0F00CEAC7A /* PBXContainerItemProxy */ = {
			isa = PBXContainerItemProxy;
			containerPortal = 30A9671D28CCE908006EA4D1 /* Project object */;
			proxyType = 1;
			remoteGlobalIDString = 30A9672428CCE908006EA4D1;
			remoteInfo = ZemogaTest;
		};
/* End PBXContainerItemProxy section */

/* Begin PBXFileReference section */
		303B285228D594720046C51D /* PostDetailViewModel.swift */ = {isa = PBXFileReference; lastKnownFileType = sourcecode.swift; path = PostDetailViewModel.swift; sourceTree = "<group>"; };
		303B285E28D59E270046C51D /* PostDetailViewController.swift */ = {isa = PBXFileReference; lastKnownFileType = sourcecode.swift; path = PostDetailViewController.swift; sourceTree = "<group>"; };
		303B286028D59F5D0046C51D /* PostDetailCoordinator.swift */ = {isa = PBXFileReference; lastKnownFileType = sourcecode.swift; path = PostDetailCoordinator.swift; sourceTree = "<group>"; };
		303B286228D6199E0046C51D /* PostDetailView.swift */ = {isa = PBXFileReference; lastKnownFileType = sourcecode.swift; path = PostDetailView.swift; sourceTree = "<group>"; };
		303B286428D61A380046C51D /* PostDetailDescriptionView.swift */ = {isa = PBXFileReference; lastKnownFileType = sourcecode.swift; path = PostDetailDescriptionView.swift; sourceTree = "<group>"; };
		303B286628D61B800046C51D /* ViewCodeProtocol.swift */ = {isa = PBXFileReference; lastKnownFileType = sourcecode.swift; path = ViewCodeProtocol.swift; sourceTree = "<group>"; };
		303B286828D61BB40046C51D /* UIStackView+Spacing.swift */ = {isa = PBXFileReference; lastKnownFileType = sourcecode.swift; path = "UIStackView+Spacing.swift"; sourceTree = "<group>"; };
		305E30C228D8B6B400CEAC7A /* ZemogaTestTests.xctest */ = {isa = PBXFileReference; explicitFileType = wrapper.cfbundle; includeInIndex = 0; path = ZemogaTestTests.xctest; sourceTree = BUILT_PRODUCTS_DIR; };
		305E30C428D8B6B400CEAC7A /* TestPostListViewModel.swift */ = {isa = PBXFileReference; lastKnownFileType = sourcecode.swift; path = TestPostListViewModel.swift; sourceTree = "<group>"; };
		305E30CE28D8B72000CEAC7A /* posts.json */ = {isa = PBXFileReference; lastKnownFileType = text.json; path = posts.json; sourceTree = "<group>"; };
		305E30CF28D8B7E200CEAC7A /* APIManagerMock.swift */ = {isa = PBXFileReference; lastKnownFileType = sourcecode.swift; path = APIManagerMock.swift; sourceTree = "<group>"; };
		305E30D128D8B8A300CEAC7A /* XCTestCase+AwaitPublisher.swift */ = {isa = PBXFileReference; lastKnownFileType = sourcecode.swift; path = "XCTestCase+AwaitPublisher.swift"; sourceTree = "<group>"; };
		305E30D928D8BC0F00CEAC7A /* ZemogaTestUITests.xctest */ = {isa = PBXFileReference; explicitFileType = wrapper.cfbundle; includeInIndex = 0; path = ZemogaTestUITests.xctest; sourceTree = BUILT_PRODUCTS_DIR; };
		305E30DB28D8BC0F00CEAC7A /* PostListTest.swift */ = {isa = PBXFileReference; lastKnownFileType = sourcecode.swift; path = PostListTest.swift; sourceTree = "<group>"; };
		305E30DD28D8BC0F00CEAC7A /* ZemogaTestUITestsLaunchTests.swift */ = {isa = PBXFileReference; lastKnownFileType = sourcecode.swift; path = ZemogaTestUITestsLaunchTests.swift; sourceTree = "<group>"; };
		30A9672528CCE908006EA4D1 /* ZemogaTest.app */ = {isa = PBXFileReference; explicitFileType = wrapper.application; includeInIndex = 0; path = ZemogaTest.app; sourceTree = BUILT_PRODUCTS_DIR; };
		30A9672828CCE908006EA4D1 /* AppDelegate.swift */ = {isa = PBXFileReference; lastKnownFileType = sourcecode.swift; path = AppDelegate.swift; sourceTree = "<group>"; };
		30A9673128CCE90A006EA4D1 /* Assets.xcassets */ = {isa = PBXFileReference; lastKnownFileType = folder.assetcatalog; path = Assets.xcassets; sourceTree = "<group>"; };
		30A9673428CCE90A006EA4D1 /* Base */ = {isa = PBXFileReference; lastKnownFileType = file.storyboard; name = Base; path = Base.lproj/LaunchScreen.storyboard; sourceTree = "<group>"; };
		30A9673628CCE90A006EA4D1 /* Info.plist */ = {isa = PBXFileReference; lastKnownFileType = text.plist.xml; path = Info.plist; sourceTree = "<group>"; };
		30A9673F28CCEB4A006EA4D1 /* Coordinator.swift */ = {isa = PBXFileReference; lastKnownFileType = sourcecode.swift; path = Coordinator.swift; sourceTree = "<group>"; };
		30A9674128CCEBE0006EA4D1 /* TransitionDelegate.swift */ = {isa = PBXFileReference; lastKnownFileType = sourcecode.swift; path = TransitionDelegate.swift; sourceTree = "<group>"; };
		30A9674328CCEBF2006EA4D1 /* AppRouter.swift */ = {isa = PBXFileReference; lastKnownFileType = sourcecode.swift; path = AppRouter.swift; sourceTree = "<group>"; };
		30A9674928CCED82006EA4D1 /* PostListCoordinator.swift */ = {isa = PBXFileReference; lastKnownFileType = sourcecode.swift; path = PostListCoordinator.swift; sourceTree = "<group>"; };
		30A9674B28CCEE19006EA4D1 /* PostListViewController.swift */ = {isa = PBXFileReference; lastKnownFileType = sourcecode.swift; path = PostListViewController.swift; sourceTree = "<group>"; };
		30A9674D28CCEE72006EA4D1 /* PostListViewModel.swift */ = {isa = PBXFileReference; lastKnownFileType = sourcecode.swift; path = PostListViewModel.swift; sourceTree = "<group>"; };
		30A9674F28CCF126006EA4D1 /* Post.swift */ = {isa = PBXFileReference; lastKnownFileType = sourcecode.swift; path = Post.swift; sourceTree = "<group>"; };
		30A9675428CCF1C6006EA4D1 /* Failure.swift */ = {isa = PBXFileReference; lastKnownFileType = sourcecode.swift; path = Failure.swift; sourceTree = "<group>"; };
		30A9675628CCF1F6006EA4D1 /* APIManager.swift */ = {isa = PBXFileReference; lastKnownFileType = sourcecode.swift; path = APIManager.swift; sourceTree = "<group>"; };
		30A9675928CCF5E6006EA4D1 /* UIAlertController+Builder.swift */ = {isa = PBXFileReference; lastKnownFileType = sourcecode.swift; path = "UIAlertController+Builder.swift"; sourceTree = "<group>"; };
		C83FD6BA28EEA5DA0063A405 /* User.swift */ = {isa = PBXFileReference; lastKnownFileType = sourcecode.swift; path = User.swift; sourceTree = "<group>"; };
		C83FD6BC28EEA65B0063A405 /* Company.swift */ = {isa = PBXFileReference; lastKnownFileType = sourcecode.swift; path = Company.swift; sourceTree = "<group>"; };
		C83FD6BE28EEA6DC0063A405 /* Address.swift */ = {isa = PBXFileReference; lastKnownFileType = sourcecode.swift; path = Address.swift; sourceTree = "<group>"; };
		C83FD6C028EEA70B0063A405 /* Geo.swift */ = {isa = PBXFileReference; lastKnownFileType = sourcecode.swift; path = Geo.swift; sourceTree = "<group>"; };
		C83FD6C228EEA7680063A405 /* Comment.swift */ = {isa = PBXFileReference; lastKnownFileType = sourcecode.swift; path = Comment.swift; sourceTree = "<group>"; };
/* End PBXFileReference section */

/* Begin PBXFrameworksBuildPhase section */
		305E30BF28D8B6B400CEAC7A /* Frameworks */ = {
			isa = PBXFrameworksBuildPhase;
			buildActionMask = 2147483647;
			files = (
			);
			runOnlyForDeploymentPostprocessing = 0;
		};
		305E30D628D8BC0F00CEAC7A /* Frameworks */ = {
			isa = PBXFrameworksBuildPhase;
			buildActionMask = 2147483647;
			files = (
			);
			runOnlyForDeploymentPostprocessing = 0;
		};
		30A9672228CCE908006EA4D1 /* Frameworks */ = {
			isa = PBXFrameworksBuildPhase;
			buildActionMask = 2147483647;
			files = (
			);
			runOnlyForDeploymentPostprocessing = 0;
		};
/* End PBXFrameworksBuildPhase section */

/* Begin PBXGroup section */
		303B284E28D593CD0046C51D /* PostDetail */ = {
			isa = PBXGroup;
			children = (
				303B286028D59F5D0046C51D /* PostDetailCoordinator.swift */,
				C83FD6B928EEA5610063A405 /* Model */,
				303B285028D593E20046C51D /* View */,
				303B284F28D593D90046C51D /* ViewModel */,
			);
			path = PostDetail;
			sourceTree = "<group>";
		};
		303B284F28D593D90046C51D /* ViewModel */ = {
			isa = PBXGroup;
			children = (
				303B285228D594720046C51D /* PostDetailViewModel.swift */,
			);
			path = ViewModel;
			sourceTree = "<group>";
		};
		303B285028D593E20046C51D /* View */ = {
			isa = PBXGroup;
			children = (
				303B285E28D59E270046C51D /* PostDetailViewController.swift */,
				303B286228D6199E0046C51D /* PostDetailView.swift */,
				303B286428D61A380046C51D /* PostDetailDescriptionView.swift */,
			);
			path = View;
			sourceTree = "<group>";
		};
		305E30C328D8B6B400CEAC7A /* ZemogaTestTests */ = {
			isa = PBXGroup;
			children = (
				305E30D328D8B8D900CEAC7A /* Tests */,
				305E30CD28D8B6FF00CEAC7A /* Helpers */,
				305E30CC28D8B6F400CEAC7A /* Mocks */,
				305E30CB28D8B6E800CEAC7A /* Resources */,
			);
			path = ZemogaTestTests;
			sourceTree = "<group>";
		};
		305E30CB28D8B6E800CEAC7A /* Resources */ = {
			isa = PBXGroup;
			children = (
				305E30CE28D8B72000CEAC7A /* posts.json */,
			);
			path = Resources;
			sourceTree = "<group>";
		};
		305E30CC28D8B6F400CEAC7A /* Mocks */ = {
			isa = PBXGroup;
			children = (
				305E30CF28D8B7E200CEAC7A /* APIManagerMock.swift */,
			);
			path = Mocks;
			sourceTree = "<group>";
		};
		305E30CD28D8B6FF00CEAC7A /* Helpers */ = {
			isa = PBXGroup;
			children = (
				305E30D128D8B8A300CEAC7A /* XCTestCase+AwaitPublisher.swift */,
			);
			path = Helpers;
			sourceTree = "<group>";
		};
		305E30D328D8B8D900CEAC7A /* Tests */ = {
			isa = PBXGroup;
			children = (
				305E30C428D8B6B400CEAC7A /* TestPostListViewModel.swift */,
			);
			path = Tests;
			sourceTree = "<group>";
		};
		305E30DA28D8BC0F00CEAC7A /* ZemogaTestUITests */ = {
			isa = PBXGroup;
			children = (
				305E30DB28D8BC0F00CEAC7A /* PostListTest.swift */,
				305E30DD28D8BC0F00CEAC7A /* ZemogaTestUITestsLaunchTests.swift */,
			);
			path = ZemogaTestUITests;
			sourceTree = "<group>";
		};
		30A9671C28CCE908006EA4D1 = {
			isa = PBXGroup;
			children = (
				30A9672728CCE908006EA4D1 /* ZemogaTest */,
				305E30C328D8B6B400CEAC7A /* ZemogaTestTests */,
				305E30DA28D8BC0F00CEAC7A /* ZemogaTestUITests */,
				30A9672628CCE908006EA4D1 /* Products */,
			);
			sourceTree = "<group>";
		};
		30A9672628CCE908006EA4D1 /* Products */ = {
			isa = PBXGroup;
			children = (
				30A9672528CCE908006EA4D1 /* ZemogaTest.app */,
				305E30C228D8B6B400CEAC7A /* ZemogaTestTests.xctest */,
				305E30D928D8BC0F00CEAC7A /* ZemogaTestUITests.xctest */,
			);
			name = Products;
			sourceTree = "<group>";
		};
		30A9672728CCE908006EA4D1 /* ZemogaTest */ = {
			isa = PBXGroup;
			children = (
				30A9675128CCF18A006EA4D1 /* Networking */,
				30A9673C28CCEAFB006EA4D1 /* App */,
				30A9672828CCE908006EA4D1 /* AppDelegate.swift */,
				30A9673128CCE90A006EA4D1 /* Assets.xcassets */,
				30A9673328CCE90A006EA4D1 /* LaunchScreen.storyboard */,
				30A9673628CCE90A006EA4D1 /* Info.plist */,
			);
			path = ZemogaTest;
			sourceTree = "<group>";
		};
		30A9673C28CCEAFB006EA4D1 /* App */ = {
			isa = PBXGroup;
			children = (
				303B284E28D593CD0046C51D /* PostDetail */,
				30A9674528CCECFD006EA4D1 /* PostList */,
				30A9673D28CCEB0D006EA4D1 /* Helpers */,
			);
			path = App;
			sourceTree = "<group>";
		};
		30A9673D28CCEB0D006EA4D1 /* Helpers */ = {
			isa = PBXGroup;
			children = (
				30A9675828CCF5D0006EA4D1 /* Extensions */,
				30A9673E28CCEB27006EA4D1 /* Protocols */,
				30A9674128CCEBE0006EA4D1 /* TransitionDelegate.swift */,
				30A9674328CCEBF2006EA4D1 /* AppRouter.swift */,
			);
			path = Helpers;
			sourceTree = "<group>";
		};
		30A9673E28CCEB27006EA4D1 /* Protocols */ = {
			isa = PBXGroup;
			children = (
				30A9673F28CCEB4A006EA4D1 /* Coordinator.swift */,
				303B286628D61B800046C51D /* ViewCodeProtocol.swift */,
			);
			path = Protocols;
			sourceTree = "<group>";
		};
		30A9674528CCECFD006EA4D1 /* PostList */ = {
			isa = PBXGroup;
			children = (
				30A9674928CCED82006EA4D1 /* PostListCoordinator.swift */,
				30A9674828CCED59006EA4D1 /* Model */,
				30A9674728CCED50006EA4D1 /* View */,
				30A9674628CCED22006EA4D1 /* ViewModel */,
			);
			path = PostList;
			sourceTree = "<group>";
		};
		30A9674628CCED22006EA4D1 /* ViewModel */ = {
			isa = PBXGroup;
			children = (
				30A9674D28CCEE72006EA4D1 /* PostListViewModel.swift */,
			);
			path = ViewModel;
			sourceTree = "<group>";
		};
		30A9674728CCED50006EA4D1 /* View */ = {
			isa = PBXGroup;
			children = (
				30A9674B28CCEE19006EA4D1 /* PostListViewController.swift */,
			);
			path = View;
			sourceTree = "<group>";
		};
		30A9674828CCED59006EA4D1 /* Model */ = {
			isa = PBXGroup;
			children = (
				30A9674F28CCF126006EA4D1 /* Post.swift */,
			);
			path = Model;
			sourceTree = "<group>";
		};
		30A9675128CCF18A006EA4D1 /* Networking */ = {
			isa = PBXGroup;
			children = (
				30A9675228CCF199006EA4D1 /* Error */,
				30A9675328CCF1A7006EA4D1 /* API */,
			);
			path = Networking;
			sourceTree = "<group>";
		};
		30A9675228CCF199006EA4D1 /* Error */ = {
			isa = PBXGroup;
			children = (
				30A9675428CCF1C6006EA4D1 /* Failure.swift */,
			);
			path = Error;
			sourceTree = "<group>";
		};
		30A9675328CCF1A7006EA4D1 /* API */ = {
			isa = PBXGroup;
			children = (
				30A9675628CCF1F6006EA4D1 /* APIManager.swift */,
			);
			path = API;
			sourceTree = "<group>";
		};
		30A9675828CCF5D0006EA4D1 /* Extensions */ = {
			isa = PBXGroup;
			children = (
				30A9675928CCF5E6006EA4D1 /* UIAlertController+Builder.swift */,
				303B286828D61BB40046C51D /* UIStackView+Spacing.swift */,
			);
			path = Extensions;
			sourceTree = "<group>";
		};
		C83FD6B928EEA5610063A405 /* Model */ = {
			isa = PBXGroup;
			children = (
				C83FD6BA28EEA5DA0063A405 /* User.swift */,
				C83FD6BC28EEA65B0063A405 /* Company.swift */,
				C83FD6BE28EEA6DC0063A405 /* Address.swift */,
				C83FD6C028EEA70B0063A405 /* Geo.swift */,
				C83FD6C228EEA7680063A405 /* Comment.swift */,
			);
			path = Model;
			sourceTree = "<group>";
		};
/* End PBXGroup section */

/* Begin PBXNativeTarget section */
		305E30C128D8B6B400CEAC7A /* ZemogaTestTests */ = {
			isa = PBXNativeTarget;
			buildConfigurationList = 305E30CA28D8B6B400CEAC7A /* Build configuration list for PBXNativeTarget "ZemogaTestTests" */;
			buildPhases = (
				305E30BE28D8B6B400CEAC7A /* Sources */,
				305E30BF28D8B6B400CEAC7A /* Frameworks */,
				305E30C028D8B6B400CEAC7A /* Resources */,
			);
			buildRules = (
			);
			dependencies = (
				305E30C728D8B6B400CEAC7A /* PBXTargetDependency */,
			);
			name = ZemogaTestTests;
			productName = ZemogaTestTests;
			productReference = 305E30C228D8B6B400CEAC7A /* ZemogaTestTests.xctest */;
			productType = "com.apple.product-type.bundle.unit-test";
		};
		305E30D828D8BC0F00CEAC7A /* ZemogaTestUITests */ = {
			isa = PBXNativeTarget;
			buildConfigurationList = 305E30E128D8BC0F00CEAC7A /* Build configuration list for PBXNativeTarget "ZemogaTestUITests" */;
			buildPhases = (
				305E30D528D8BC0F00CEAC7A /* Sources */,
				305E30D628D8BC0F00CEAC7A /* Frameworks */,
				305E30D728D8BC0F00CEAC7A /* Resources */,
			);
			buildRules = (
			);
			dependencies = (
				305E30E028D8BC0F00CEAC7A /* PBXTargetDependency */,
			);
			name = ZemogaTestUITests;
			productName = ZemogaTestUITests;
			productReference = 305E30D928D8BC0F00CEAC7A /* ZemogaTestUITests.xctest */;
			productType = "com.apple.product-type.bundle.ui-testing";
		};
		30A9672428CCE908006EA4D1 /* ZemogaTest */ = {
			isa = PBXNativeTarget;
			buildConfigurationList = 30A9673928CCE90A006EA4D1 /* Build configuration list for PBXNativeTarget "ZemogaTest" */;
			buildPhases = (
				30A9672128CCE908006EA4D1 /* Sources */,
				30A9672228CCE908006EA4D1 /* Frameworks */,
				30A9672328CCE908006EA4D1 /* Resources */,
			);
			buildRules = (
			);
			dependencies = (
			);
			name = ZemogaTest;
			productName = ZemogaTest;
			productReference = 30A9672528CCE908006EA4D1 /* ZemogaTest.app */;
			productType = "com.apple.product-type.application";
		};
/* End PBXNativeTarget section */

/* Begin PBXProject section */
		30A9671D28CCE908006EA4D1 /* Project object */ = {
			isa = PBXProject;
			attributes = {
				BuildIndependentTargetsInParallel = 1;
				LastSwiftUpdateCheck = 1320;
				LastUpgradeCheck = 1320;
				TargetAttributes = {
					305E30C128D8B6B400CEAC7A = {
						CreatedOnToolsVersion = 13.2.1;
						TestTargetID = 30A9672428CCE908006EA4D1;
					};
					305E30D828D8BC0F00CEAC7A = {
						CreatedOnToolsVersion = 13.2.1;
						TestTargetID = 30A9672428CCE908006EA4D1;
					};
					30A9672428CCE908006EA4D1 = {
						CreatedOnToolsVersion = 13.2.1;
					};
				};
			};
			buildConfigurationList = 30A9672028CCE908006EA4D1 /* Build configuration list for PBXProject "ZemogaTest" */;
			compatibilityVersion = "Xcode 13.0";
			developmentRegion = en;
			hasScannedForEncodings = 0;
			knownRegions = (
				en,
				Base,
			);
			mainGroup = 30A9671C28CCE908006EA4D1;
			productRefGroup = 30A9672628CCE908006EA4D1 /* Products */;
			projectDirPath = "";
			projectRoot = "";
			targets = (
				30A9672428CCE908006EA4D1 /* ZemogaTest */,
				305E30C128D8B6B400CEAC7A /* ZemogaTestTests */,
				305E30D828D8BC0F00CEAC7A /* ZemogaTestUITests */,
			);
		};
/* End PBXProject section */

/* Begin PBXResourcesBuildPhase section */
		305E30C028D8B6B400CEAC7A /* Resources */ = {
			isa = PBXResourcesBuildPhase;
			buildActionMask = 2147483647;
			files = (
				305E30D428D8BBA800CEAC7A /* posts.json in Resources */,
			);
			runOnlyForDeploymentPostprocessing = 0;
		};
		305E30D728D8BC0F00CEAC7A /* Resources */ = {
			isa = PBXResourcesBuildPhase;
			buildActionMask = 2147483647;
			files = (
			);
			runOnlyForDeploymentPostprocessing = 0;
		};
		30A9672328CCE908006EA4D1 /* Resources */ = {
			isa = PBXResourcesBuildPhase;
			buildActionMask = 2147483647;
			files = (
				30A9673528CCE90A006EA4D1 /* LaunchScreen.storyboard in Resources */,
				30A9673228CCE90A006EA4D1 /* Assets.xcassets in Resources */,
			);
			runOnlyForDeploymentPostprocessing = 0;
		};
/* End PBXResourcesBuildPhase section */

/* Begin PBXSourcesBuildPhase section */
		305E30BE28D8B6B400CEAC7A /* Sources */ = {
			isa = PBXSourcesBuildPhase;
			buildActionMask = 2147483647;
			files = (
				305E30D028D8B7E200CEAC7A /* APIManagerMock.swift in Sources */,
				305E30C528D8B6B400CEAC7A /* TestPostListViewModel.swift in Sources */,
				305E30D228D8B8A300CEAC7A /* XCTestCase+AwaitPublisher.swift in Sources */,
			);
			runOnlyForDeploymentPostprocessing = 0;
		};
		305E30D528D8BC0F00CEAC7A /* Sources */ = {
			isa = PBXSourcesBuildPhase;
			buildActionMask = 2147483647;
			files = (
				305E30DC28D8BC0F00CEAC7A /* PostListTest.swift in Sources */,
				305E30DE28D8BC0F00CEAC7A /* ZemogaTestUITestsLaunchTests.swift in Sources */,
			);
			runOnlyForDeploymentPostprocessing = 0;
		};
		30A9672128CCE908006EA4D1 /* Sources */ = {
			isa = PBXSourcesBuildPhase;
			buildActionMask = 2147483647;
			files = (
				30A9674C28CCEE19006EA4D1 /* PostListViewController.swift in Sources */,
				C83FD6C328EEA7680063A405 /* Comment.swift in Sources */,
				303B286528D61A380046C51D /* PostDetailDescriptionView.swift in Sources */,
				30A9675528CCF1C6006EA4D1 /* Failure.swift in Sources */,
				C83FD6BD28EEA65B0063A405 /* Company.swift in Sources */,
				30A9675728CCF1F6006EA4D1 /* APIManager.swift in Sources */,
				30A9674028CCEB4A006EA4D1 /* Coordinator.swift in Sources */,
				C83FD6BF28EEA6DC0063A405 /* Address.swift in Sources */,
				C83FD6C128EEA70B0063A405 /* Geo.swift in Sources */,
				303B286128D59F5D0046C51D /* PostDetailCoordinator.swift in Sources */,
				30A9674E28CCEE72006EA4D1 /* PostListViewModel.swift in Sources */,
				303B285328D594720046C51D /* PostDetailViewModel.swift in Sources */,
				30A9675028CCF126006EA4D1 /* Post.swift in Sources */,
				303B286328D6199E0046C51D /* PostDetailView.swift in Sources */,
				30A9674228CCEBE0006EA4D1 /* TransitionDelegate.swift in Sources */,
				303B286928D61BB40046C51D /* UIStackView+Spacing.swift in Sources */,
				30A9675A28CCF5E6006EA4D1 /* UIAlertController+Builder.swift in Sources */,
				303B285F28D59E270046C51D /* PostDetailViewController.swift in Sources */,
				303B286728D61B800046C51D /* ViewCodeProtocol.swift in Sources */,
				30A9674A28CCED82006EA4D1 /* PostListCoordinator.swift in Sources */,
				30A9674428CCEBF2006EA4D1 /* AppRouter.swift in Sources */,
				30A9672928CCE908006EA4D1 /* AppDelegate.swift in Sources */,
				C83FD6BB28EEA5DA0063A405 /* User.swift in Sources */,
			);
			runOnlyForDeploymentPostprocessing = 0;
		};
/* End PBXSourcesBuildPhase section */

/* Begin PBXTargetDependency section */
		305E30C728D8B6B400CEAC7A /* PBXTargetDependency */ = {
			isa = PBXTargetDependency;
			target = 30A9672428CCE908006EA4D1 /* ZemogaTest */;
			targetProxy = 305E30C628D8B6B400CEAC7A /* PBXContainerItemProxy */;
		};
		305E30E028D8BC0F00CEAC7A /* PBXTargetDependency */ = {
			isa = PBXTargetDependency;
			target = 30A9672428CCE908006EA4D1 /* ZemogaTest */;
			targetProxy = 305E30DF28D8BC0F00CEAC7A /* PBXContainerItemProxy */;
		};
/* End PBXTargetDependency section */

/* Begin PBXVariantGroup section */
		30A9673328CCE90A006EA4D1 /* LaunchScreen.storyboard */ = {
			isa = PBXVariantGroup;
			children = (
				30A9673428CCE90A006EA4D1 /* Base */,
			);
			name = LaunchScreen.storyboard;
			sourceTree = "<group>";
		};
/* End PBXVariantGroup section */

/* Begin XCBuildConfiguration section */
		305E30C828D8B6B400CEAC7A /* Debug */ = {
			isa = XCBuildConfiguration;
			buildSettings = {
				BUNDLE_LOADER = "$(TEST_HOST)";
				CODE_SIGN_STYLE = Automatic;
				CURRENT_PROJECT_VERSION = 1;
				GENERATE_INFOPLIST_FILE = YES;
				MARKETING_VERSION = 1.0;
				PRODUCT_BUNDLE_IDENTIFIER = bmejia24.ZemogaTestTests;
				PRODUCT_NAME = "$(TARGET_NAME)";
				SWIFT_EMIT_LOC_STRINGS = NO;
				SWIFT_VERSION = 5.0;
				TARGETED_DEVICE_FAMILY = "1,2";
				TEST_HOST = "$(BUILT_PRODUCTS_DIR)/ZemogaTest.app/ZemogaTest";
			};
			name = Debug;
		};
		305E30C928D8B6B400CEAC7A /* Release */ = {
			isa = XCBuildConfiguration;
			buildSettings = {
				BUNDLE_LOADER = "$(TEST_HOST)";
				CODE_SIGN_STYLE = Automatic;
				CURRENT_PROJECT_VERSION = 1;
				GENERATE_INFOPLIST_FILE = YES;
				MARKETING_VERSION = 1.0;
				PRODUCT_BUNDLE_IDENTIFIER = bmejia24.ZemogaTestTests;
				PRODUCT_NAME = "$(TARGET_NAME)";
				SWIFT_EMIT_LOC_STRINGS = NO;
				SWIFT_VERSION = 5.0;
				TARGETED_DEVICE_FAMILY = "1,2";
				TEST_HOST = "$(BUILT_PRODUCTS_DIR)/ZemogaTest.app/ZemogaTest";
			};
			name = Release;
		};
		305E30E228D8BC0F00CEAC7A /* Debug */ = {
			isa = XCBuildConfiguration;
			buildSettings = {
				CODE_SIGN_STYLE = Automatic;
				CURRENT_PROJECT_VERSION = 1;
				GENERATE_INFOPLIST_FILE = YES;
				MARKETING_VERSION = 1.0;
				PRODUCT_BUNDLE_IDENTIFIER = bmejia24.ZemogaTestUITests;
				PRODUCT_NAME = "$(TARGET_NAME)";
				SWIFT_EMIT_LOC_STRINGS = NO;
				SWIFT_VERSION = 5.0;
				TARGETED_DEVICE_FAMILY = "1,2";
				TEST_TARGET_NAME = ZemogaTest;
			};
			name = Debug;
		};
		305E30E328D8BC0F00CEAC7A /* Release */ = {
			isa = XCBuildConfiguration;
			buildSettings = {
				CODE_SIGN_STYLE = Automatic;
				CURRENT_PROJECT_VERSION = 1;
				GENERATE_INFOPLIST_FILE = YES;
				MARKETING_VERSION = 1.0;
				PRODUCT_BUNDLE_IDENTIFIER = bmejia24.ZemogaTestUITests;
				PRODUCT_NAME = "$(TARGET_NAME)";
				SWIFT_EMIT_LOC_STRINGS = NO;
				SWIFT_VERSION = 5.0;
				TARGETED_DEVICE_FAMILY = "1,2";
				TEST_TARGET_NAME = ZemogaTest;
			};
			name = Release;
		};
		30A9673728CCE90A006EA4D1 /* Debug */ = {
			isa = XCBuildConfiguration;
			buildSettings = {
				ALWAYS_SEARCH_USER_PATHS = NO;
				CLANG_ANALYZER_NONNULL = YES;
				CLANG_ANALYZER_NUMBER_OBJECT_CONVERSION = YES_AGGRESSIVE;
				CLANG_CXX_LANGUAGE_STANDARD = "gnu++17";
				CLANG_CXX_LIBRARY = "libc++";
				CLANG_ENABLE_MODULES = YES;
				CLANG_ENABLE_OBJC_ARC = YES;
				CLANG_ENABLE_OBJC_WEAK = YES;
				CLANG_WARN_BLOCK_CAPTURE_AUTORELEASING = YES;
				CLANG_WARN_BOOL_CONVERSION = YES;
				CLANG_WARN_COMMA = YES;
				CLANG_WARN_CONSTANT_CONVERSION = YES;
				CLANG_WARN_DEPRECATED_OBJC_IMPLEMENTATIONS = YES;
				CLANG_WARN_DIRECT_OBJC_ISA_USAGE = YES_ERROR;
				CLANG_WARN_DOCUMENTATION_COMMENTS = YES;
				CLANG_WARN_EMPTY_BODY = YES;
				CLANG_WARN_ENUM_CONVERSION = YES;
				CLANG_WARN_INFINITE_RECURSION = YES;
				CLANG_WARN_INT_CONVERSION = YES;
				CLANG_WARN_NON_LITERAL_NULL_CONVERSION = YES;
				CLANG_WARN_OBJC_IMPLICIT_RETAIN_SELF = YES;
				CLANG_WARN_OBJC_LITERAL_CONVERSION = YES;
				CLANG_WARN_OBJC_ROOT_CLASS = YES_ERROR;
				CLANG_WARN_QUOTED_INCLUDE_IN_FRAMEWORK_HEADER = YES;
				CLANG_WARN_RANGE_LOOP_ANALYSIS = YES;
				CLANG_WARN_STRICT_PROTOTYPES = YES;
				CLANG_WARN_SUSPICIOUS_MOVE = YES;
				CLANG_WARN_UNGUARDED_AVAILABILITY = YES_AGGRESSIVE;
				CLANG_WARN_UNREACHABLE_CODE = YES;
				CLANG_WARN__DUPLICATE_METHOD_MATCH = YES;
				COPY_PHASE_STRIP = NO;
				DEBUG_INFORMATION_FORMAT = dwarf;
				ENABLE_STRICT_OBJC_MSGSEND = YES;
				ENABLE_TESTABILITY = YES;
				GCC_C_LANGUAGE_STANDARD = gnu11;
				GCC_DYNAMIC_NO_PIC = NO;
				GCC_NO_COMMON_BLOCKS = YES;
				GCC_OPTIMIZATION_LEVEL = 0;
				GCC_PREPROCESSOR_DEFINITIONS = (
					"DEBUG=1",
					"$(inherited)",
				);
				GCC_WARN_64_TO_32_BIT_CONVERSION = YES;
				GCC_WARN_ABOUT_RETURN_TYPE = YES_ERROR;
				GCC_WARN_UNDECLARED_SELECTOR = YES;
				GCC_WARN_UNINITIALIZED_AUTOS = YES_AGGRESSIVE;
				GCC_WARN_UNUSED_FUNCTION = YES;
				GCC_WARN_UNUSED_VARIABLE = YES;
				IPHONEOS_DEPLOYMENT_TARGET = 15.2;
				MTL_ENABLE_DEBUG_INFO = INCLUDE_SOURCE;
				MTL_FAST_MATH = YES;
				ONLY_ACTIVE_ARCH = YES;
				SDKROOT = iphoneos;
				SWIFT_ACTIVE_COMPILATION_CONDITIONS = DEBUG;
				SWIFT_OPTIMIZATION_LEVEL = "-Onone";
			};
			name = Debug;
		};
		30A9673828CCE90A006EA4D1 /* Release */ = {
			isa = XCBuildConfiguration;
			buildSettings = {
				ALWAYS_SEARCH_USER_PATHS = NO;
				CLANG_ANALYZER_NONNULL = YES;
				CLANG_ANALYZER_NUMBER_OBJECT_CONVERSION = YES_AGGRESSIVE;
				CLANG_CXX_LANGUAGE_STANDARD = "gnu++17";
				CLANG_CXX_LIBRARY = "libc++";
				CLANG_ENABLE_MODULES = YES;
				CLANG_ENABLE_OBJC_ARC = YES;
				CLANG_ENABLE_OBJC_WEAK = YES;
				CLANG_WARN_BLOCK_CAPTURE_AUTORELEASING = YES;
				CLANG_WARN_BOOL_CONVERSION = YES;
				CLANG_WARN_COMMA = YES;
				CLANG_WARN_CONSTANT_CONVERSION = YES;
				CLANG_WARN_DEPRECATED_OBJC_IMPLEMENTATIONS = YES;
				CLANG_WARN_DIRECT_OBJC_ISA_USAGE = YES_ERROR;
				CLANG_WARN_DOCUMENTATION_COMMENTS = YES;
				CLANG_WARN_EMPTY_BODY = YES;
				CLANG_WARN_ENUM_CONVERSION = YES;
				CLANG_WARN_INFINITE_RECURSION = YES;
				CLANG_WARN_INT_CONVERSION = YES;
				CLANG_WARN_NON_LITERAL_NULL_CONVERSION = YES;
				CLANG_WARN_OBJC_IMPLICIT_RETAIN_SELF = YES;
				CLANG_WARN_OBJC_LITERAL_CONVERSION = YES;
				CLANG_WARN_OBJC_ROOT_CLASS = YES_ERROR;
				CLANG_WARN_QUOTED_INCLUDE_IN_FRAMEWORK_HEADER = YES;
				CLANG_WARN_RANGE_LOOP_ANALYSIS = YES;
				CLANG_WARN_STRICT_PROTOTYPES = YES;
				CLANG_WARN_SUSPICIOUS_MOVE = YES;
				CLANG_WARN_UNGUARDED_AVAILABILITY = YES_AGGRESSIVE;
				CLANG_WARN_UNREACHABLE_CODE = YES;
				CLANG_WARN__DUPLICATE_METHOD_MATCH = YES;
				COPY_PHASE_STRIP = NO;
				DEBUG_INFORMATION_FORMAT = "dwarf-with-dsym";
				ENABLE_NS_ASSERTIONS = NO;
				ENABLE_STRICT_OBJC_MSGSEND = YES;
				GCC_C_LANGUAGE_STANDARD = gnu11;
				GCC_NO_COMMON_BLOCKS = YES;
				GCC_WARN_64_TO_32_BIT_CONVERSION = YES;
				GCC_WARN_ABOUT_RETURN_TYPE = YES_ERROR;
				GCC_WARN_UNDECLARED_SELECTOR = YES;
				GCC_WARN_UNINITIALIZED_AUTOS = YES_AGGRESSIVE;
				GCC_WARN_UNUSED_FUNCTION = YES;
				GCC_WARN_UNUSED_VARIABLE = YES;
				IPHONEOS_DEPLOYMENT_TARGET = 15.2;
				MTL_ENABLE_DEBUG_INFO = NO;
				MTL_FAST_MATH = YES;
				SDKROOT = iphoneos;
				SWIFT_COMPILATION_MODE = wholemodule;
				SWIFT_OPTIMIZATION_LEVEL = "-O";
				VALIDATE_PRODUCT = YES;
			};
			name = Release;
		};
		30A9673A28CCE90A006EA4D1 /* Debug */ = {
			isa = XCBuildConfiguration;
			buildSettings = {
				ASSETCATALOG_COMPILER_APPICON_NAME = AppIcon;
				ASSETCATALOG_COMPILER_GLOBAL_ACCENT_COLOR_NAME = AccentColor;
				CODE_SIGN_STYLE = Automatic;
				CURRENT_PROJECT_VERSION = 1;
				GENERATE_INFOPLIST_FILE = YES;
				INFOPLIST_FILE = ZemogaTest/Info.plist;
				INFOPLIST_KEY_UIApplicationSupportsIndirectInputEvents = YES;
				INFOPLIST_KEY_UILaunchStoryboardName = LaunchScreen;
				INFOPLIST_KEY_UISupportedInterfaceOrientations_iPad = "UIInterfaceOrientationPortrait UIInterfaceOrientationPortraitUpsideDown UIInterfaceOrientationLandscapeLeft UIInterfaceOrientationLandscapeRight";
				INFOPLIST_KEY_UISupportedInterfaceOrientations_iPhone = "UIInterfaceOrientationPortrait UIInterfaceOrientationLandscapeLeft UIInterfaceOrientationLandscapeRight";
				LD_RUNPATH_SEARCH_PATHS = (
					"$(inherited)",
					"@executable_path/Frameworks",
				);
				MARKETING_VERSION = 1.0;
				PRODUCT_BUNDLE_IDENTIFIER = bmejia24.ZemogaTest;
				PRODUCT_NAME = "$(TARGET_NAME)";
				SWIFT_EMIT_LOC_STRINGS = YES;
				SWIFT_VERSION = 5.0;
				TARGETED_DEVICE_FAMILY = 1;
			};
			name = Debug;
		};
		30A9673B28CCE90A006EA4D1 /* Release */ = {
			isa = XCBuildConfiguration;
			buildSettings = {
				ASSETCATALOG_COMPILER_APPICON_NAME = AppIcon;
				ASSETCATALOG_COMPILER_GLOBAL_ACCENT_COLOR_NAME = AccentColor;
				CODE_SIGN_STYLE = Automatic;
				CURRENT_PROJECT_VERSION = 1;
				GENERATE_INFOPLIST_FILE = YES;
				INFOPLIST_FILE = ZemogaTest/Info.plist;
				INFOPLIST_KEY_UIApplicationSupportsIndirectInputEvents = YES;
				INFOPLIST_KEY_UILaunchStoryboardName = LaunchScreen;
				INFOPLIST_KEY_UISupportedInterfaceOrientations_iPad = "UIInterfaceOrientationPortrait UIInterfaceOrientationPortraitUpsideDown UIInterfaceOrientationLandscapeLeft UIInterfaceOrientationLandscapeRight";
				INFOPLIST_KEY_UISupportedInterfaceOrientations_iPhone = "UIInterfaceOrientationPortrait UIInterfaceOrientationLandscapeLeft UIInterfaceOrientationLandscapeRight";
				LD_RUNPATH_SEARCH_PATHS = (
					"$(inherited)",
					"@executable_path/Frameworks",
				);
				MARKETING_VERSION = 1.0;
				PRODUCT_BUNDLE_IDENTIFIER = bmejia24.ZemogaTest;
				PRODUCT_NAME = "$(TARGET_NAME)";
				SWIFT_EMIT_LOC_STRINGS = YES;
				SWIFT_VERSION = 5.0;
				TARGETED_DEVICE_FAMILY = 1;
			};
			name = Release;
		};
/* End XCBuildConfiguration section */

/* Begin XCConfigurationList section */
		305E30CA28D8B6B400CEAC7A /* Build configuration list for PBXNativeTarget "ZemogaTestTests" */ = {
			isa = XCConfigurationList;
			buildConfigurations = (
				305E30C828D8B6B400CEAC7A /* Debug */,
				305E30C928D8B6B400CEAC7A /* Release */,
			);
			defaultConfigurationIsVisible = 0;
			defaultConfigurationName = Release;
		};
		305E30E128D8BC0F00CEAC7A /* Build configuration list for PBXNativeTarget "ZemogaTestUITests" */ = {
			isa = XCConfigurationList;
			buildConfigurations = (
				305E30E228D8BC0F00CEAC7A /* Debug */,
				305E30E328D8BC0F00CEAC7A /* Release */,
			);
			defaultConfigurationIsVisible = 0;
			defaultConfigurationName = Release;
		};
		30A9672028CCE908006EA4D1 /* Build configuration list for PBXProject "ZemogaTest" */ = {
			isa = XCConfigurationList;
			buildConfigurations = (
				30A9673728CCE90A006EA4D1 /* Debug */,
				30A9673828CCE90A006EA4D1 /* Release */,
			);
			defaultConfigurationIsVisible = 0;
			defaultConfigurationName = Release;
		};
		30A9673928CCE90A006EA4D1 /* Build configuration list for PBXNativeTarget "ZemogaTest" */ = {
			isa = XCConfigurationList;
			buildConfigurations = (
				30A9673A28CCE90A006EA4D1 /* Debug */,
				30A9673B28CCE90A006EA4D1 /* Release */,
			);
			defaultConfigurationIsVisible = 0;
			defaultConfigurationName = Release;
		};
/* End XCConfigurationList section */
	};
	rootObject = 30A9671D28CCE908006EA4D1 /* Project object */;
}
